
Microsoft Visual Studio Solution File, Format Version 12.00
# Visual Studio 15
VisualStudioVersion = 15.0.28307.705
MinimumVisualStudioVersion = 10.0.40219.1
Project("{FAE04EC0-301F-11D3-BF4B-00C04F79EFBC}") = "StoreManagement", "StoreManagement\StoreManagement.csproj", "{D601DFF1-D1D2-469A-B1D6-1F35115F6CCB}"
EndProject
Global
	GlobalSection(SolutionConfigurationPlatforms) = preSolution
		Debug|Any CPU = Debug|Any CPU
		Release|Any CPU = Release|Any CPU
	EndGlobalSection
	GlobalSection(ProjectConfigurationPlatforms) = postSolution
		{D601DFF1-D1D2-469A-B1D6-1F35115F6CCB}.Debug|Any CPU.ActiveCfg = Debug|Any CPU
		{D601DFF1-D1D2-469A-B1D6-1F35115F6CCB}.Debug|Any CPU.Build.0 = Debug|Any CPU
		{D601DFF1-D1D2-469A-B1D6-1F35115F6CCB}.Release|Any CPU.ActiveCfg = Release|Any CPU
		{D601DFF1-D1D2-469A-B1D6-1F35115F6CCB}.Release|Any CPU.Build.0 = Release|Any CPU
	EndGlobalSection
	GlobalSection(SolutionProperties) = preSolution
		HideSolutionNode = FALSE
	EndGlobalSection
	GlobalSection(ExtensibilityGlobals) = postSolution
		SolutionGuid = {6D08B32E-50E1-4521-84E5-365C0FD7ECBC}
	EndGlobalSection
EndGlobal
